
Microsoft Visual Studio Solution File, Format Version 12.00
# Visual Studio 2013
VisualStudioVersion = 12.0.21005.1
MinimumVisualStudioVersion = 10.0.40219.1
Project("{FAE04EC0-301F-11D3-BF4B-00C04F79EFBC}") = "SomeFormat", "SomeFormat\SomeFormat.csproj", "{8797899C-0D52-4F8C-9E2F-62F1299E9E0B}"
EndProject
Project("{FAE04EC0-301F-11D3-BF4B-00C04F79EFBC}") = "TestSomeFormat", "TestSomeFormat\TestSomeFormat.csproj", "{8B0E8F5D-18C5-4ED3-9CFE-EC17C4774958}"
EndProject
Project("{FAE04EC0-301F-11D3-BF4B-00C04F79EFBC}") = "CommonFormat", "CommonFormat\CommonFormat.csproj", "{A764ECDC-EB7E-48A9-91B5-CC131F2C84F0}"
EndProject
Project("{2150E333-8FDC-42A3-9474-1A3956D46DE8}") = "TechnicalChallenge", "TechnicalChallenge", "{0D7870B9-E4E0-4336-9844-BC2C6D22AC41}"
	ProjectSection(SolutionItems) = preProject
		..\TechnicalChallenge\Library assignment.docx = ..\TechnicalChallenge\Library assignment.docx
	EndProjectSection
EndProject
Project("{FAE04EC0-301F-11D3-BF4B-00C04F79EFBC}") = "PackingNumber", "PackingNumber\PackingNumber.csproj", "{2B7DC133-7B09-4411-948F-ACCC64D14032}"
EndProject
Project("{FAE04EC0-301F-11D3-BF4B-00C04F79EFBC}") = "TestPackingNumber", "TestPackingNumber\TestPackingNumber.csproj", "{F40E904D-B1B0-4D2A-8322-E656986B4FAF}"
EndProject
Project("{FAE04EC0-301F-11D3-BF4B-00C04F79EFBC}") = "ExampleOtherFormat", "ExampleOtherFormat\ExampleOtherFormat.csproj", "{30FF9A22-9F6B-407B-B706-C4353C5F8CB2}"
EndProject
Project("{2150E333-8FDC-42A3-9474-1A3956D46DE8}") = ".nuget", ".nuget", "{9E4E524C-904B-42CD-BB55-E768CBAB3D38}"
	ProjectSection(SolutionItems) = preProject
		.nuget\NuGet.targets = .nuget\NuGet.targets
	EndProjectSection
EndProject
Global
	GlobalSection(SolutionConfigurationPlatforms) = preSolution
		Debug|Any CPU = Debug|Any CPU
		Release|Any CPU = Release|Any CPU
	EndGlobalSection
	GlobalSection(ProjectConfigurationPlatforms) = postSolution
		{8797899C-0D52-4F8C-9E2F-62F1299E9E0B}.Debug|Any CPU.ActiveCfg = Debug|Any CPU
		{8797899C-0D52-4F8C-9E2F-62F1299E9E0B}.Debug|Any CPU.Build.0 = Debug|Any CPU
		{8797899C-0D52-4F8C-9E2F-62F1299E9E0B}.Release|Any CPU.ActiveCfg = Release|Any CPU
		{8797899C-0D52-4F8C-9E2F-62F1299E9E0B}.Release|Any CPU.Build.0 = Release|Any CPU
		{8B0E8F5D-18C5-4ED3-9CFE-EC17C4774958}.Debug|Any CPU.ActiveCfg = Debug|Any CPU
		{8B0E8F5D-18C5-4ED3-9CFE-EC17C4774958}.Debug|Any CPU.Build.0 = Debug|Any CPU
		{8B0E8F5D-18C5-4ED3-9CFE-EC17C4774958}.Release|Any CPU.ActiveCfg = Release|Any CPU
		{8B0E8F5D-18C5-4ED3-9CFE-EC17C4774958}.Release|Any CPU.Build.0 = Release|Any CPU
		{A764ECDC-EB7E-48A9-91B5-CC131F2C84F0}.Debug|Any CPU.ActiveCfg = Debug|Any CPU
		{A764ECDC-EB7E-48A9-91B5-CC131F2C84F0}.Debug|Any CPU.Build.0 = Debug|Any CPU
		{A764ECDC-EB7E-48A9-91B5-CC131F2C84F0}.Release|Any CPU.ActiveCfg = Release|Any CPU
		{A764ECDC-EB7E-48A9-91B5-CC131F2C84F0}.Release|Any CPU.Build.0 = Release|Any CPU
		{2B7DC133-7B09-4411-948F-ACCC64D14032}.Debug|Any CPU.ActiveCfg = Debug|Any CPU
		{2B7DC133-7B09-4411-948F-ACCC64D14032}.Debug|Any CPU.Build.0 = Debug|Any CPU
		{2B7DC133-7B09-4411-948F-ACCC64D14032}.Release|Any CPU.ActiveCfg = Release|Any CPU
		{2B7DC133-7B09-4411-948F-ACCC64D14032}.Release|Any CPU.Build.0 = Release|Any CPU
		{F40E904D-B1B0-4D2A-8322-E656986B4FAF}.Debug|Any CPU.ActiveCfg = Debug|Any CPU
		{F40E904D-B1B0-4D2A-8322-E656986B4FAF}.Debug|Any CPU.Build.0 = Debug|Any CPU
		{F40E904D-B1B0-4D2A-8322-E656986B4FAF}.Release|Any CPU.ActiveCfg = Release|Any CPU
		{F40E904D-B1B0-4D2A-8322-E656986B4FAF}.Release|Any CPU.Build.0 = Release|Any CPU
		{30FF9A22-9F6B-407B-B706-C4353C5F8CB2}.Debug|Any CPU.ActiveCfg = Debug|Any CPU
		{30FF9A22-9F6B-407B-B706-C4353C5F8CB2}.Debug|Any CPU.Build.0 = Debug|Any CPU
		{30FF9A22-9F6B-407B-B706-C4353C5F8CB2}.Release|Any CPU.ActiveCfg = Release|Any CPU
		{30FF9A22-9F6B-407B-B706-C4353C5F8CB2}.Release|Any CPU.Build.0 = Release|Any CPU
	EndGlobalSection
	GlobalSection(SolutionProperties) = preSolution
		HideSolutionNode = FALSE
	EndGlobalSection
EndGlobal
